# This file is generated by running "yarn install" inside your project.
# Manual changes might be lost - proceed with caution!

__metadata:
  version: 6
  cacheKey: 8

"@babel/runtime@npm:^7.21.0":
  version: 7.21.0
  resolution: "@babel/runtime@npm:7.21.0"
  dependencies:
    regenerator-runtime: ^0.13.11
  checksum: 7b33e25bfa9e0e1b9e8828bb61b2d32bdd46b41b07ba7cb43319ad08efc6fda8eb89445193e67d6541814627df0ca59122c0ea795e412b99c5183a0540d338ab
  languageName: node
  linkType: hard

"@uiw/color-convert@npm:^1.1.2":
  version: 1.1.2
  resolution: "@uiw/color-convert@npm:1.1.2"
  checksum: 91b8fd9d611e2bae58811e26a142d27b9da6a4472a2be7d3b9187b19e3a8e897eb97f0e4f5a43b16ce2c8789cf5db4e943054ef452277e1e4a6967d2ff5effd5
  languageName: node
  linkType: hard

"regenerator-runtime@npm:^0.13.11":
  version: 0.13.11
  resolution: "regenerator-runtime@npm:0.13.11"
  checksum: 27481628d22a1c4e3ff551096a683b424242a216fee44685467307f14d58020af1e19660bf2e26064de946bad7eff28950eae9f8209d55723e2d9351e632bbb4
  languageName: node
  linkType: hard

"yarn-test@workspace:.":
  version: 0.0.0-use.local
  resolution: "yarn-test@workspace:."
  dependencies:
    "@babel/runtime": ^7.21.0
    "@uiw/color-convert": ^1.1.2
  languageName: unknown
  linkType: soft
